PODS:
  - GGXSwiftExtension (0.8.1)
  - GXTaskDownload (0.6.0):
    - GGXSwiftExtension
    - SmartCodable
  - SmartCodable (4.3.3)

DEPENDENCIES:
  - GXTaskDownload (from `../`)

SPEC REPOS:
  trunk:
    - GGXSwiftExtension
    - SmartCodable

EXTERNAL SOURCES:
  GXTaskDownload:
    :path: "../"

SPEC CHECKSUMS:
  GGXSwiftExtension: 38e8e4f91a389c599c4336bb545132d8b56d1573
  GXTaskDownload: 957cb6f5b6e9c9e605464b4e454a6efd1e9bac05
  SmartCodable: 202da1f0deb4f493eda21263a5388c6694c344b4

PODFILE CHECKSUM: 8b64bb102453ccc7051de9ab24a53472fbb8f0fa

COCOAPODS: 1.16.2
