PODS:
  - GGXSwiftExtension (0.4.0)
  - GXTaskDownload (0.1.8):
    - GGXSwiftExtension
    - HandyJSON
  - HandyJSON (5.0.2)

DEPENDENCIES:
  - GXTaskDownload (from `../`)

SPEC REPOS:
  trunk:
    - GGXSwiftExtension
    - HandyJSON

EXTERNAL SOURCES:
  GXTaskDownload:
    :path: "../"

SPEC CHECKSUMS:
  GGXSwiftExtension: cc74d75914eda0e94365d3cb9240dc5d9f0dc097
  GXTaskDownload: 73cd3f1182d0de73782b58df6da4cdab6daa1c0b
  HandyJSON: 9e4e236f5d2dbefad5155a77417bbea438201c03

PODFILE CHECKSUM: f0552aa395058e367b684a93d1e18389cf3f265b

COCOAPODS: 1.14.3
