PODS:
  - GGXSwiftExtension (0.4.1)
  - GXTaskDownload (0.2.6):
    - GGXSwiftExtension
    - HandyJSON
  - HandyJSON (5.0.2)

DEPENDENCIES:
  - GXTaskDownload (from `../`)

SPEC REPOS:
  trunk:
    - GGXSwiftExtension
    - HandyJSON

EXTERNAL SOURCES:
  GXTaskDownload:
    :path: "../"

SPEC CHECKSUMS:
  GGXSwiftExtension: f77bb3ef93bbe42305fd01523de0de3efafa3e08
  GXTaskDownload: 3a7ef4a3ab101129d820e256080757b3bc549319
  HandyJSON: 9e4e236f5d2dbefad5155a77417bbea438201c03

PODFILE CHECKSUM: f0552aa395058e367b684a93d1e18389cf3f265b

COCOAPODS: 1.15.0
